
Microsoft Visual Studio Solution File, Format Version 12.00
# Visual Studio 15
VisualStudioVersion = 15.0.28010.2026
MinimumVisualStudioVersion = 10.0.40219.1
Project("{FAE04EC0-301F-11D3-BF4B-00C04F79EFBC}") = "ECommerce", "ECommerce\ECommerce.csproj", "{4762A68A-E66E-44E4-BCF1-D7239938A317}"
EndProject
Global
	GlobalSection(SolutionConfigurationPlatforms) = preSolution
		Debug|Any CPU = Debug|Any CPU
		Release|Any CPU = Release|Any CPU
	EndGlobalSection
	GlobalSection(ProjectConfigurationPlatforms) = postSolution
		{4762A68A-E66E-44E4-BCF1-D7239938A317}.Debug|Any CPU.ActiveCfg = Debug|Any CPU
		{4762A68A-E66E-44E4-BCF1-D7239938A317}.Debug|Any CPU.Build.0 = Debug|Any CPU
		{4762A68A-E66E-44E4-BCF1-D7239938A317}.Release|Any CPU.ActiveCfg = Release|Any CPU
		{4762A68A-E66E-44E4-BCF1-D7239938A317}.Release|Any CPU.Build.0 = Release|Any CPU
	EndGlobalSection
	GlobalSection(SolutionProperties) = preSolution
		HideSolutionNode = FALSE
	EndGlobalSection
	GlobalSection(ExtensibilityGlobals) = postSolution
		SolutionGuid = {284EEB2D-A2F0-4F28-8903-2B9603B6B89A}
	EndGlobalSection
EndGlobal
